
Microsoft Visual Studio Solution File, Format Version 12.00
# Visual Studio Version 16
VisualStudioVersion = 16.0.31402.337
MinimumVisualStudioVersion = 10.0.40219.1
Project("{FAE04EC0-301F-11D3-BF4B-00C04F79EFBC}") = "Maarquest.API", "Maarquest.API\Maarquest.API.csproj", "{8B4FECA0-4DD4-4866-8D0D-8D18EE1BE6E7}"
EndProject
Project("{E53339B2-1760-4266-BCC7-CA923CBCF16C}") = "docker-compose", "docker-compose.dcproj", "{5FF55F80-EE41-4DA9-A6DD-511F82CE189E}"
EndProject
Project("{9A19103F-16F7-4668-BE54-9A1E7A4F7556}") = "Maarquest.WEB", "Maarquest.WEB\Maarquest.WEB.csproj", "{B0E81B65-3FC0-42A2-8877-4526D449736B}"
EndProject
Global
	GlobalSection(SolutionConfigurationPlatforms) = preSolution
		Debug|Any CPU = Debug|Any CPU
		Release|Any CPU = Release|Any CPU
	EndGlobalSection
	GlobalSection(ProjectConfigurationPlatforms) = postSolution
		{8B4FECA0-4DD4-4866-8D0D-8D18EE1BE6E7}.Debug|Any CPU.ActiveCfg = Debug|Any CPU
		{8B4FECA0-4DD4-4866-8D0D-8D18EE1BE6E7}.Debug|Any CPU.Build.0 = Debug|Any CPU
		{8B4FECA0-4DD4-4866-8D0D-8D18EE1BE6E7}.Release|Any CPU.ActiveCfg = Release|Any CPU
		{8B4FECA0-4DD4-4866-8D0D-8D18EE1BE6E7}.Release|Any CPU.Build.0 = Release|Any CPU
		{5FF55F80-EE41-4DA9-A6DD-511F82CE189E}.Debug|Any CPU.ActiveCfg = Debug|Any CPU
		{5FF55F80-EE41-4DA9-A6DD-511F82CE189E}.Debug|Any CPU.Build.0 = Debug|Any CPU
		{5FF55F80-EE41-4DA9-A6DD-511F82CE189E}.Release|Any CPU.ActiveCfg = Release|Any CPU
		{5FF55F80-EE41-4DA9-A6DD-511F82CE189E}.Release|Any CPU.Build.0 = Release|Any CPU
		{B0E81B65-3FC0-42A2-8877-4526D449736B}.Debug|Any CPU.ActiveCfg = Debug|Any CPU
		{B0E81B65-3FC0-42A2-8877-4526D449736B}.Debug|Any CPU.Build.0 = Debug|Any CPU
		{B0E81B65-3FC0-42A2-8877-4526D449736B}.Release|Any CPU.ActiveCfg = Release|Any CPU
		{B0E81B65-3FC0-42A2-8877-4526D449736B}.Release|Any CPU.Build.0 = Release|Any CPU
	EndGlobalSection
	GlobalSection(SolutionProperties) = preSolution
		HideSolutionNode = FALSE
	EndGlobalSection
	GlobalSection(ExtensibilityGlobals) = postSolution
		SolutionGuid = {E4C8BFB5-98C8-4EE7-8ADF-AAFB09A13FE5}
	EndGlobalSection
EndGlobal
